// !$*UTF8*$!
{
	archiveVersion = 1;
	classes = {
	};
	objectVersion = 56;
	objects = {

/* Begin PBXBuildFile section */
		3693E6222AF475A200FDFF2A /* NewsViewModel.swift in Sources */ = {isa = PBXBuildFile; fileRef = 6BB5A8D62AF3E405005C82D5 /* NewsViewModel.swift */; };
		3693E6242AF475B400FDFF2A /* BBCNewsModel.swift in Sources */ = {isa = PBXBuildFile; fileRef = 6BB5A8CC2AF3E3C0005C82D5 /* BBCNewsModel.swift */; };
		3693E6252AF475BF00FDFF2A /* ResultState.swift in Sources */ = {isa = PBXBuildFile; fileRef = 6B7FD5292AF3E2D400EA770D /* ResultState.swift */; };
		3693E6262AF475C800FDFF2A /* NewsEndpoint.swift in Sources */ = {isa = PBXBuildFile; fileRef = 6BB5A8C82AF3E38D005C82D5 /* NewsEndpoint.swift */; };
		3693E6272AF475D300FDFF2A /* APIError.swift in Sources */ = {isa = PBXBuildFile; fileRef = 6BB5A8C32AF3E367005C82D5 /* APIError.swift */; };
		3693E62A2AF47A3B00FDFF2A /* APIMockService.swift in Sources */ = {isa = PBXBuildFile; fileRef = 6B7FD5242AF3E2B800EA770D /* APIMockService.swift */; };
		3693E62B2AF47A5100FDFF2A /* APIMockService.swift in Sources */ = {isa = PBXBuildFile; fileRef = 6B7FD5242AF3E2B800EA770D /* APIMockService.swift */; };
		3693E62D2AF47A9D00FDFF2A /* NewsService.swift in Sources */ = {isa = PBXBuildFile; fileRef = 3693E62C2AF47A9D00FDFF2A /* NewsService.swift */; };
		3693E62E2AF47AA700FDFF2A /* NewsService.swift in Sources */ = {isa = PBXBuildFile; fileRef = 3693E62C2AF47A9D00FDFF2A /* NewsService.swift */; };
		3693E62F2AF4DC2200FDFF2A /* APIHandler.swift in Sources */ = {isa = PBXBuildFile; fileRef = 6B7FD5252AF3E2BA00EA770D /* APIHandler.swift */; };
		3693E6302AF83FD200FDFF2A /* APIMockService.swift in Sources */ = {isa = PBXBuildFile; fileRef = 6B7FD5242AF3E2B800EA770D /* APIMockService.swift */; };
		3693E6312AF8414300FDFF2A /* NewsService.swift in Sources */ = {isa = PBXBuildFile; fileRef = 3693E62C2AF47A9D00FDFF2A /* NewsService.swift */; };
		3693E6322AF8414900FDFF2A /* APIError.swift in Sources */ = {isa = PBXBuildFile; fileRef = 6BB5A8C32AF3E367005C82D5 /* APIError.swift */; };
		3693E6332AF8415200FDFF2A /* BBCNewsModel.swift in Sources */ = {isa = PBXBuildFile; fileRef = 6BB5A8CC2AF3E3C0005C82D5 /* BBCNewsModel.swift */; };
		3693E6342AF8416500FDFF2A /* NewsEndpoint.swift in Sources */ = {isa = PBXBuildFile; fileRef = 6BB5A8C82AF3E38D005C82D5 /* NewsEndpoint.swift */; };
		6B47DF3F2AF90EEC00E9F9DB /* UITestMockService.swift in Sources */ = {isa = PBXBuildFile; fileRef = 6B47DF3E2AF90EEC00E9F9DB /* UITestMockService.swift */; };
		6B47DF412AF90F8400E9F9DB /* PreviewData.swift in Sources */ = {isa = PBXBuildFile; fileRef = 6B47DF402AF90F8400E9F9DB /* PreviewData.swift */; };
		6B47DF452AF91B9800E9F9DB /* BBCNewsUITests.swift in Sources */ = {isa = PBXBuildFile; fileRef = 6B7FD5142AF3E29100EA770D /* BBCNewsUITests.swift */; };
		6B7FD4FA2AF3E28E00EA770D /* BBCNewsApp.swift in Sources */ = {isa = PBXBuildFile; fileRef = 6B7FD4F92AF3E28E00EA770D /* BBCNewsApp.swift */; };
		6B7FD4FE2AF3E29000EA770D /* Assets.xcassets in Resources */ = {isa = PBXBuildFile; fileRef = 6B7FD4FD2AF3E29000EA770D /* Assets.xcassets */; };
		6B7FD5012AF3E29000EA770D /* Preview Assets.xcassets in Resources */ = {isa = PBXBuildFile; fileRef = 6B7FD5002AF3E29000EA770D /* Preview Assets.xcassets */; };
		6B7FD50B2AF3E29100EA770D /* BBCNewsTests.swift in Sources */ = {isa = PBXBuildFile; fileRef = 6B7FD50A2AF3E29100EA770D /* BBCNewsTests.swift */; };
		6B7FD5272AF3E2BA00EA770D /* APIHandler.swift in Sources */ = {isa = PBXBuildFile; fileRef = 6B7FD5252AF3E2BA00EA770D /* APIHandler.swift */; };
		6B7FD52A2AF3E2D400EA770D /* ResultState.swift in Sources */ = {isa = PBXBuildFile; fileRef = 6B7FD5292AF3E2D400EA770D /* ResultState.swift */; };
		6BB5A8C52AF3E367005C82D5 /* APIError.swift in Sources */ = {isa = PBXBuildFile; fileRef = 6BB5A8C32AF3E367005C82D5 /* APIError.swift */; };
		6BB5A8C62AF3E367005C82D5 /* ErrorView.swift in Sources */ = {isa = PBXBuildFile; fileRef = 6BB5A8C42AF3E367005C82D5 /* ErrorView.swift */; };
		6BB5A8C92AF3E38D005C82D5 /* NewsEndpoint.swift in Sources */ = {isa = PBXBuildFile; fileRef = 6BB5A8C82AF3E38D005C82D5 /* NewsEndpoint.swift */; };
		6BB5A8CD2AF3E3C0005C82D5 /* BBCNewsModel.swift in Sources */ = {isa = PBXBuildFile; fileRef = 6BB5A8CC2AF3E3C0005C82D5 /* BBCNewsModel.swift */; };
		6BB5A8D22AF3E3D9005C82D5 /* BBCNewsRow.swift in Sources */ = {isa = PBXBuildFile; fileRef = 6BB5A8CF2AF3E3D8005C82D5 /* BBCNewsRow.swift */; };
		6BB5A8D32AF3E3D9005C82D5 /* BBCNewView.swift in Sources */ = {isa = PBXBuildFile; fileRef = 6BB5A8D02AF3E3D9005C82D5 /* BBCNewView.swift */; };
		6BB5A8D42AF3E3D9005C82D5 /* NewsDetailView.swift in Sources */ = {isa = PBXBuildFile; fileRef = 6BB5A8D12AF3E3D9005C82D5 /* NewsDetailView.swift */; };
		6BB5A8D72AF3E405005C82D5 /* NewsViewModel.swift in Sources */ = {isa = PBXBuildFile; fileRef = 6BB5A8D62AF3E405005C82D5 /* NewsViewModel.swift */; };
		6BB5A8DF2AF3E5EE005C82D5 /* LaunchScreen.storyboard in Resources */ = {isa = PBXBuildFile; fileRef = 6BB5A8DE2AF3E5EE005C82D5 /* LaunchScreen.storyboard */; };
		6BB5A8E32AF3E9B9005C82D5 /* URLImage in Frameworks */ = {isa = PBXBuildFile; productRef = 6BB5A8E22AF3E9B9005C82D5 /* URLImage */; };
/* End PBXBuildFile section */

/* Begin PBXContainerItemProxy section */
		6B7FD5072AF3E29100EA770D /* PBXContainerItemProxy */ = {
			isa = PBXContainerItemProxy;
			containerPortal = 6B7FD4EE2AF3E28E00EA770D /* Project object */;
			proxyType = 1;
			remoteGlobalIDString = 6B7FD4F52AF3E28E00EA770D;
			remoteInfo = BBCNews;
		};
		6B7FD5112AF3E29100EA770D /* PBXContainerItemProxy */ = {
			isa = PBXContainerItemProxy;
			containerPortal = 6B7FD4EE2AF3E28E00EA770D /* Project object */;
			proxyType = 1;
			remoteGlobalIDString = 6B7FD4F52AF3E28E00EA770D;
			remoteInfo = BBCNews;
		};
/* End PBXContainerItemProxy section */

/* Begin PBXFileReference section */
		3693E61B2AF46C9500FDFF2A /* BBCNews copy-Info.plist */ = {isa = PBXFileReference; lastKnownFileType = text.plist.xml; name = "BBCNews copy-Info.plist"; path = "/Users/sukumar/Downloads/BBCNews/BBCNews copy-Info.plist"; sourceTree = "<absolute>"; };
		3693E62C2AF47A9D00FDFF2A /* NewsService.swift */ = {isa = PBXFileReference; lastKnownFileType = sourcecode.swift; path = NewsService.swift; sourceTree = "<group>"; };
		6B47DF3E2AF90EEC00E9F9DB /* UITestMockService.swift */ = {isa = PBXFileReference; lastKnownFileType = sourcecode.swift; path = UITestMockService.swift; sourceTree = "<group>"; };
		6B47DF402AF90F8400E9F9DB /* PreviewData.swift */ = {isa = PBXFileReference; fileEncoding = 4; lastKnownFileType = sourcecode.swift; path = PreviewData.swift; sourceTree = "<group>"; };
		6B7FD4F62AF3E28E00EA770D /* BBCNews.app */ = {isa = PBXFileReference; explicitFileType = wrapper.application; includeInIndex = 0; path = BBCNews.app; sourceTree = BUILT_PRODUCTS_DIR; };
		6B7FD4F92AF3E28E00EA770D /* BBCNewsApp.swift */ = {isa = PBXFileReference; lastKnownFileType = sourcecode.swift; path = BBCNewsApp.swift; sourceTree = "<group>"; };
		6B7FD4FD2AF3E29000EA770D /* Assets.xcassets */ = {isa = PBXFileReference; lastKnownFileType = folder.assetcatalog; path = Assets.xcassets; sourceTree = "<group>"; };
		6B7FD5002AF3E29000EA770D /* Preview Assets.xcassets */ = {isa = PBXFileReference; lastKnownFileType = folder.assetcatalog; path = "Preview Assets.xcassets"; sourceTree = "<group>"; };
		6B7FD5062AF3E29100EA770D /* BBCNewsTests.xctest */ = {isa = PBXFileReference; explicitFileType = wrapper.cfbundle; includeInIndex = 0; path = BBCNewsTests.xctest; sourceTree = BUILT_PRODUCTS_DIR; };
		6B7FD50A2AF3E29100EA770D /* BBCNewsTests.swift */ = {isa = PBXFileReference; lastKnownFileType = sourcecode.swift; path = BBCNewsTests.swift; sourceTree = "<group>"; };
		6B7FD5102AF3E29100EA770D /* BBCNewsUITests.xctest */ = {isa = PBXFileReference; explicitFileType = wrapper.cfbundle; includeInIndex = 0; path = BBCNewsUITests.xctest; sourceTree = BUILT_PRODUCTS_DIR; };
		6B7FD5142AF3E29100EA770D /* BBCNewsUITests.swift */ = {isa = PBXFileReference; lastKnownFileType = sourcecode.swift; path = BBCNewsUITests.swift; sourceTree = "<group>"; };
		6B7FD5162AF3E29100EA770D /* BBCNewsUITestsLaunchTests.swift */ = {isa = PBXFileReference; lastKnownFileType = sourcecode.swift; path = BBCNewsUITestsLaunchTests.swift; sourceTree = "<group>"; };
		6B7FD5242AF3E2B800EA770D /* APIMockService.swift */ = {isa = PBXFileReference; fileEncoding = 4; lastKnownFileType = sourcecode.swift; path = APIMockService.swift; sourceTree = "<group>"; };
		6B7FD5252AF3E2BA00EA770D /* APIHandler.swift */ = {isa = PBXFileReference; fileEncoding = 4; lastKnownFileType = sourcecode.swift; path = APIHandler.swift; sourceTree = "<group>"; };
		6B7FD5292AF3E2D400EA770D /* ResultState.swift */ = {isa = PBXFileReference; fileEncoding = 4; lastKnownFileType = sourcecode.swift; path = ResultState.swift; sourceTree = "<group>"; };
		6BB5A8C32AF3E367005C82D5 /* APIError.swift */ = {isa = PBXFileReference; fileEncoding = 4; lastKnownFileType = sourcecode.swift; path = APIError.swift; sourceTree = "<group>"; };
		6BB5A8C42AF3E367005C82D5 /* ErrorView.swift */ = {isa = PBXFileReference; fileEncoding = 4; lastKnownFileType = sourcecode.swift; path = ErrorView.swift; sourceTree = "<group>"; };
		6BB5A8C82AF3E38D005C82D5 /* NewsEndpoint.swift */ = {isa = PBXFileReference; fileEncoding = 4; lastKnownFileType = sourcecode.swift; path = NewsEndpoint.swift; sourceTree = "<group>"; };
		6BB5A8CC2AF3E3C0005C82D5 /* BBCNewsModel.swift */ = {isa = PBXFileReference; fileEncoding = 4; lastKnownFileType = sourcecode.swift; path = BBCNewsModel.swift; sourceTree = "<group>"; };
		6BB5A8CF2AF3E3D8005C82D5 /* BBCNewsRow.swift */ = {isa = PBXFileReference; fileEncoding = 4; lastKnownFileType = sourcecode.swift; path = BBCNewsRow.swift; sourceTree = "<group>"; };
		6BB5A8D02AF3E3D9005C82D5 /* BBCNewView.swift */ = {isa = PBXFileReference; fileEncoding = 4; lastKnownFileType = sourcecode.swift; path = BBCNewView.swift; sourceTree = "<group>"; };
		6BB5A8D12AF3E3D9005C82D5 /* NewsDetailView.swift */ = {isa = PBXFileReference; fileEncoding = 4; lastKnownFileType = sourcecode.swift; path = NewsDetailView.swift; sourceTree = "<group>"; };
		6BB5A8D62AF3E405005C82D5 /* NewsViewModel.swift */ = {isa = PBXFileReference; fileEncoding = 4; lastKnownFileType = sourcecode.swift; path = NewsViewModel.swift; sourceTree = "<group>"; };
		6BB5A8DE2AF3E5EE005C82D5 /* LaunchScreen.storyboard */ = {isa = PBXFileReference; fileEncoding = 4; lastKnownFileType = file.storyboard; path = LaunchScreen.storyboard; sourceTree = "<group>"; };
		6BB5A8E02AF3E723005C82D5 /* Info.plist */ = {isa = PBXFileReference; lastKnownFileType = text.plist; path = Info.plist; sourceTree = "<group>"; };
/* End PBXFileReference section */

/* Begin PBXFrameworksBuildPhase section */
		6B7FD4F32AF3E28E00EA770D /* Frameworks */ = {
			isa = PBXFrameworksBuildPhase;
			buildActionMask = 2147483647;
			files = (
				6BB5A8E32AF3E9B9005C82D5 /* URLImage in Frameworks */,
			);
			runOnlyForDeploymentPostprocessing = 0;
		};
		6B7FD5032AF3E29100EA770D /* Frameworks */ = {
			isa = PBXFrameworksBuildPhase;
			buildActionMask = 2147483647;
			files = (
			);
			runOnlyForDeploymentPostprocessing = 0;
		};
		6B7FD50D2AF3E29100EA770D /* Frameworks */ = {
			isa = PBXFrameworksBuildPhase;
			buildActionMask = 2147483647;
			files = (
			);
			runOnlyForDeploymentPostprocessing = 0;
		};
/* End PBXFrameworksBuildPhase section */

/* Begin PBXGroup section */
		6B47DF3D2AF90EC600E9F9DB /* Mock Service */ = {
			isa = PBXGroup;
			children = (
				6B7FD5242AF3E2B800EA770D /* APIMockService.swift */,
				6B47DF3E2AF90EEC00E9F9DB /* UITestMockService.swift */,
			);
			path = "Mock Service";
			sourceTree = "<group>";
		};
		6B7FD4ED2AF3E28E00EA770D = {
			isa = PBXGroup;
			children = (
				6B7FD4F82AF3E28E00EA770D /* BBCNews */,
				6B7FD5092AF3E29100EA770D /* BBCNewsTests */,
				6B7FD5132AF3E29100EA770D /* BBCNewsUITests */,
				6B7FD4F72AF3E28E00EA770D /* Products */,
				3693E61B2AF46C9500FDFF2A /* BBCNews copy-Info.plist */,
			);
			sourceTree = "<group>";
		};
		6B7FD4F72AF3E28E00EA770D /* Products */ = {
			isa = PBXGroup;
			children = (
				6B7FD4F62AF3E28E00EA770D /* BBCNews.app */,
				6B7FD5062AF3E29100EA770D /* BBCNewsTests.xctest */,
				6B7FD5102AF3E29100EA770D /* BBCNewsUITests.xctest */,
			);
			name = Products;
			sourceTree = "<group>";
		};
		6B7FD4F82AF3E28E00EA770D /* BBCNews */ = {
			isa = PBXGroup;
			children = (
				6BB5A8E02AF3E723005C82D5 /* Info.plist */,
				6B7FD4F92AF3E28E00EA770D /* BBCNewsApp.swift */,
				6B7FD5232AF3E29900EA770D /* NetWork */,
				6B7FD52D2AF3E2EF00EA770D /* Error */,
				6BB5A8C72AF3E378005C82D5 /* Endpoint */,
				6BB5A8CA2AF3E3A0005C82D5 /* BBCNews */,
				6B7FD4FD2AF3E29000EA770D /* Assets.xcassets */,
				6BB5A8DE2AF3E5EE005C82D5 /* LaunchScreen.storyboard */,
				6B7FD4FF2AF3E29000EA770D /* Preview Content */,
			);
			path = BBCNews;
			sourceTree = "<group>";
		};
		6B7FD4FF2AF3E29000EA770D /* Preview Content */ = {
			isa = PBXGroup;
			children = (
				6B7FD5002AF3E29000EA770D /* Preview Assets.xcassets */,
			);
			path = "Preview Content";
			sourceTree = "<group>";
		};
		6B7FD5092AF3E29100EA770D /* BBCNewsTests */ = {
			isa = PBXGroup;
			children = (
				6B7FD50A2AF3E29100EA770D /* BBCNewsTests.swift */,
			);
			path = BBCNewsTests;
			sourceTree = "<group>";
		};
		6B7FD5132AF3E29100EA770D /* BBCNewsUITests */ = {
			isa = PBXGroup;
			children = (
				6B7FD5142AF3E29100EA770D /* BBCNewsUITests.swift */,
				6B7FD5162AF3E29100EA770D /* BBCNewsUITestsLaunchTests.swift */,
			);
			path = BBCNewsUITests;
			sourceTree = "<group>";
		};
		6B7FD5232AF3E29900EA770D /* NetWork */ = {
			isa = PBXGroup;
			children = (
				6B7FD5252AF3E2BA00EA770D /* APIHandler.swift */,
				3693E62C2AF47A9D00FDFF2A /* NewsService.swift */,
				6B7FD5282AF3E2C000EA770D /* State */,
				6B47DF3D2AF90EC600E9F9DB /* Mock Service */,
			);
			path = NetWork;
			sourceTree = "<group>";
		};
		6B7FD5282AF3E2C000EA770D /* State */ = {
			isa = PBXGroup;
			children = (
				6B7FD5292AF3E2D400EA770D /* ResultState.swift */,
			);
			path = State;
			sourceTree = "<group>";
		};
		6B7FD52D2AF3E2EF00EA770D /* Error */ = {
			isa = PBXGroup;
			children = (
				6BB5A8C32AF3E367005C82D5 /* APIError.swift */,
				6BB5A8C42AF3E367005C82D5 /* ErrorView.swift */,
			);
			name = Error;
			sourceTree = "<group>";
		};
		6BB5A8C72AF3E378005C82D5 /* Endpoint */ = {
			isa = PBXGroup;
			children = (
				6BB5A8C82AF3E38D005C82D5 /* NewsEndpoint.swift */,
			);
			path = Endpoint;
			sourceTree = "<group>";
		};
		6BB5A8CA2AF3E3A0005C82D5 /* BBCNews */ = {
			isa = PBXGroup;
			children = (
				6BB5A8CB2AF3E3B2005C82D5 /* Model */,
				6BB5A8CE2AF3E3C5005C82D5 /* View */,
				6BB5A8D52AF3E3DF005C82D5 /* ViewModel */,
			);
			path = BBCNews;
			sourceTree = "<group>";
		};
		6BB5A8CB2AF3E3B2005C82D5 /* Model */ = {
			isa = PBXGroup;
			children = (
				6BB5A8CC2AF3E3C0005C82D5 /* BBCNewsModel.swift */,
				6B47DF402AF90F8400E9F9DB /* PreviewData.swift */,
			);
			path = Model;
			sourceTree = "<group>";
		};
		6BB5A8CE2AF3E3C5005C82D5 /* View */ = {
			isa = PBXGroup;
			children = (
				6BB5A8D02AF3E3D9005C82D5 /* BBCNewView.swift */,
				6BB5A8CF2AF3E3D8005C82D5 /* BBCNewsRow.swift */,
				6BB5A8D12AF3E3D9005C82D5 /* NewsDetailView.swift */,
			);
			path = View;
			sourceTree = "<group>";
		};
		6BB5A8D52AF3E3DF005C82D5 /* ViewModel */ = {
			isa = PBXGroup;
			children = (
				6BB5A8D62AF3E405005C82D5 /* NewsViewModel.swift */,
			);
			path = ViewModel;
			sourceTree = "<group>";
		};
/* End PBXGroup section */

/* Begin PBXNativeTarget section */
		6B7FD4F52AF3E28E00EA770D /* BBCNews */ = {
			isa = PBXNativeTarget;
			buildConfigurationList = 6B7FD51A2AF3E29100EA770D /* Build configuration list for PBXNativeTarget "BBCNews" */;
			buildPhases = (
				6B7FD4F22AF3E28E00EA770D /* Sources */,
				6B7FD4F32AF3E28E00EA770D /* Frameworks */,
				6B7FD4F42AF3E28E00EA770D /* Resources */,
				6BB5A8DD2AF3E4B8005C82D5 /* ShellScript */,
			);
			buildRules = (
			);
			dependencies = (
			);
			name = BBCNews;
			packageProductDependencies = (
				6BB5A8E22AF3E9B9005C82D5 /* URLImage */,
			);
			productName = BBCNews;
			productReference = 6B7FD4F62AF3E28E00EA770D /* BBCNews.app */;
			productType = "com.apple.product-type.application";
		};
		6B7FD5052AF3E29100EA770D /* BBCNewsTests */ = {
			isa = PBXNativeTarget;
			buildConfigurationList = 6B7FD51D2AF3E29100EA770D /* Build configuration list for PBXNativeTarget "BBCNewsTests" */;
			buildPhases = (
				6B7FD5022AF3E29100EA770D /* Sources */,
				6B7FD5032AF3E29100EA770D /* Frameworks */,
				6B7FD5042AF3E29100EA770D /* Resources */,
			);
			buildRules = (
			);
			dependencies = (
				6B7FD5082AF3E29100EA770D /* PBXTargetDependency */,
			);
			name = BBCNewsTests;
			productName = BBCNewsTests;
			productReference = 6B7FD5062AF3E29100EA770D /* BBCNewsTests.xctest */;
			productType = "com.apple.product-type.bundle.unit-test";
		};
		6B7FD50F2AF3E29100EA770D /* BBCNewsUITests */ = {
			isa = PBXNativeTarget;
			buildConfigurationList = 6B7FD5202AF3E29100EA770D /* Build configuration list for PBXNativeTarget "BBCNewsUITests" */;
			buildPhases = (
				6B7FD50C2AF3E29100EA770D /* Sources */,
				6B7FD50D2AF3E29100EA770D /* Frameworks */,
				6B7FD50E2AF3E29100EA770D /* Resources */,
			);
			buildRules = (
			);
			dependencies = (
				6B7FD5122AF3E29100EA770D /* PBXTargetDependency */,
			);
			name = BBCNewsUITests;
			productName = BBCNewsUITests;
			productReference = 6B7FD5102AF3E29100EA770D /* BBCNewsUITests.xctest */;
			productType = "com.apple.product-type.bundle.ui-testing";
		};
/* End PBXNativeTarget section */

/* Begin PBXProject section */
		6B7FD4EE2AF3E28E00EA770D /* Project object */ = {
			isa = PBXProject;
			attributes = {
				BuildIndependentTargetsInParallel = 1;
				LastSwiftUpdateCheck = 1420;
				LastUpgradeCheck = 1420;
				TargetAttributes = {
					6B7FD4F52AF3E28E00EA770D = {
						CreatedOnToolsVersion = 14.2;
					};
					6B7FD5052AF3E29100EA770D = {
						CreatedOnToolsVersion = 14.2;
						TestTargetID = 6B7FD4F52AF3E28E00EA770D;
					};
					6B7FD50F2AF3E29100EA770D = {
						CreatedOnToolsVersion = 14.2;
						TestTargetID = 6B7FD4F52AF3E28E00EA770D;
					};
				};
			};
			buildConfigurationList = 6B7FD4F12AF3E28E00EA770D /* Build configuration list for PBXProject "BBCNews" */;
			compatibilityVersion = "Xcode 14.0";
			developmentRegion = en;
			hasScannedForEncodings = 0;
			knownRegions = (
				en,
				Base,
			);
			mainGroup = 6B7FD4ED2AF3E28E00EA770D;
			packageReferences = (
				6BB5A8E12AF3E9B9005C82D5 /* XCRemoteSwiftPackageReference "url-image" */,
			);
			productRefGroup = 6B7FD4F72AF3E28E00EA770D /* Products */;
			projectDirPath = "";
			projectRoot = "";
			targets = (
				6B7FD4F52AF3E28E00EA770D /* BBCNews */,
				6B7FD5052AF3E29100EA770D /* BBCNewsTests */,
				6B7FD50F2AF3E29100EA770D /* BBCNewsUITests */,
			);
		};
/* End PBXProject section */

/* Begin PBXResourcesBuildPhase section */
		6B7FD4F42AF3E28E00EA770D /* Resources */ = {
			isa = PBXResourcesBuildPhase;
			buildActionMask = 2147483647;
			files = (
				6BB5A8DF2AF3E5EE005C82D5 /* LaunchScreen.storyboard in Resources */,
				6B7FD5012AF3E29000EA770D /* Preview Assets.xcassets in Resources */,
				6B7FD4FE2AF3E29000EA770D /* Assets.xcassets in Resources */,
			);
			runOnlyForDeploymentPostprocessing = 0;
		};
		6B7FD5042AF3E29100EA770D /* Resources */ = {
			isa = PBXResourcesBuildPhase;
			buildActionMask = 2147483647;
			files = (
			);
			runOnlyForDeploymentPostprocessing = 0;
		};
		6B7FD50E2AF3E29100EA770D /* Resources */ = {
			isa = PBXResourcesBuildPhase;
			buildActionMask = 2147483647;
			files = (
			);
			runOnlyForDeploymentPostprocessing = 0;
		};
/* End PBXResourcesBuildPhase section */

/* Begin PBXShellScriptBuildPhase section */
		6BB5A8DD2AF3E4B8005C82D5 /* ShellScript */ = {
			isa = PBXShellScriptBuildPhase;
			buildActionMask = 2147483647;
			files = (
			);
			inputFileListPaths = (
			);
			inputPaths = (
			);
			outputFileListPaths = (
			);
			outputPaths = (
			);
			runOnlyForDeploymentPostprocessing = 0;
			shellPath = /bin/sh;
			shellScript = "export PATH=\"$PATH:/opt/homebrew/bin\"\nif which swiftlint > /dev/null; then\n  swiftlint\nelse\n  echo \"warning: SwiftLint not installed, download from https://github.com/realm/SwiftLint\"\nfi\n";
		};
/* End PBXShellScriptBuildPhase section */

/* Begin PBXSourcesBuildPhase section */
		6B7FD4F22AF3E28E00EA770D /* Sources */ = {
			isa = PBXSourcesBuildPhase;
			buildActionMask = 2147483647;
			files = (
				6BB5A8D32AF3E3D9005C82D5 /* BBCNewView.swift in Sources */,
				6B7FD52A2AF3E2D400EA770D /* ResultState.swift in Sources */,
				6BB5A8C92AF3E38D005C82D5 /* NewsEndpoint.swift in Sources */,
				6B7FD4FA2AF3E28E00EA770D /* BBCNewsApp.swift in Sources */,
				3693E62A2AF47A3B00FDFF2A /* APIMockService.swift in Sources */,
				6B47DF412AF90F8400E9F9DB /* PreviewData.swift in Sources */,
				6BB5A8C62AF3E367005C82D5 /* ErrorView.swift in Sources */,
				6B7FD5272AF3E2BA00EA770D /* APIHandler.swift in Sources */,
				6BB5A8D22AF3E3D9005C82D5 /* BBCNewsRow.swift in Sources */,
				6BB5A8C52AF3E367005C82D5 /* APIError.swift in Sources */,
				6BB5A8D72AF3E405005C82D5 /* NewsViewModel.swift in Sources */,
				3693E62D2AF47A9D00FDFF2A /* NewsService.swift in Sources */,
				6BB5A8D42AF3E3D9005C82D5 /* NewsDetailView.swift in Sources */,
				6BB5A8CD2AF3E3C0005C82D5 /* BBCNewsModel.swift in Sources */,
				6B47DF3F2AF90EEC00E9F9DB /* UITestMockService.swift in Sources */,
			);
			runOnlyForDeploymentPostprocessing = 0;
		};
		6B7FD5022AF3E29100EA770D /* Sources */ = {
			isa = PBXSourcesBuildPhase;
			buildActionMask = 2147483647;
			files = (
				6B7FD50B2AF3E29100EA770D /* BBCNewsTests.swift in Sources */,
				3693E6252AF475BF00FDFF2A /* ResultState.swift in Sources */,
				3693E62E2AF47AA700FDFF2A /* NewsService.swift in Sources */,
				3693E6262AF475C800FDFF2A /* NewsEndpoint.swift in Sources */,
				3693E62B2AF47A5100FDFF2A /* APIMockService.swift in Sources */,
				3693E6242AF475B400FDFF2A /* BBCNewsModel.swift in Sources */,
				3693E62F2AF4DC2200FDFF2A /* APIHandler.swift in Sources */,
				3693E6222AF475A200FDFF2A /* NewsViewModel.swift in Sources */,
				3693E6272AF475D300FDFF2A /* APIError.swift in Sources */,
			);
			runOnlyForDeploymentPostprocessing = 0;
		};
		6B7FD50C2AF3E29100EA770D /* Sources */ = {
			isa = PBXSourcesBuildPhase;
			buildActionMask = 2147483647;
			files = (
				3693E6302AF83FD200FDFF2A /* APIMockService.swift in Sources */,
				3693E6332AF8415200FDFF2A /* BBCNewsModel.swift in Sources */,
				6B47DF452AF91B9800E9F9DB /* BBCNewsUITests.swift in Sources */,
				3693E6312AF8414300FDFF2A /* NewsService.swift in Sources */,
				3693E6342AF8416500FDFF2A /* NewsEndpoint.swift in Sources */,
				3693E6322AF8414900FDFF2A /* APIError.swift in Sources */,
			);
			runOnlyForDeploymentPostprocessing = 0;
		};
/* End PBXSourcesBuildPhase section */

/* Begin PBXTargetDependency section */
		6B7FD5082AF3E29100EA770D /* PBXTargetDependency */ = {
			isa = PBXTargetDependency;
			target = 6B7FD4F52AF3E28E00EA770D /* BBCNews */;
			targetProxy = 6B7FD5072AF3E29100EA770D /* PBXContainerItemProxy */;
		};
		6B7FD5122AF3E29100EA770D /* PBXTargetDependency */ = {
			isa = PBXTargetDependency;
			target = 6B7FD4F52AF3E28E00EA770D /* BBCNews */;
			targetProxy = 6B7FD5112AF3E29100EA770D /* PBXContainerItemProxy */;
		};
/* End PBXTargetDependency section */

/* Begin XCBuildConfiguration section */
		6B7FD5182AF3E29100EA770D /* Debug */ = {
			isa = XCBuildConfiguration;
			buildSettings = {
				ALWAYS_SEARCH_USER_PATHS = NO;
				CLANG_ANALYZER_NONNULL = YES;
				CLANG_ANALYZER_NUMBER_OBJECT_CONVERSION = YES_AGGRESSIVE;
				CLANG_CXX_LANGUAGE_STANDARD = "gnu++20";
				CLANG_ENABLE_MODULES = YES;
				CLANG_ENABLE_OBJC_ARC = YES;
				CLANG_ENABLE_OBJC_WEAK = YES;
				CLANG_WARN_BLOCK_CAPTURE_AUTORELEASING = YES;
				CLANG_WARN_BOOL_CONVERSION = YES;
				CLANG_WARN_COMMA = YES;
				CLANG_WARN_CONSTANT_CONVERSION = YES;
				CLANG_WARN_DEPRECATED_OBJC_IMPLEMENTATIONS = YES;
				CLANG_WARN_DIRECT_OBJC_ISA_USAGE = YES_ERROR;
				CLANG_WARN_DOCUMENTATION_COMMENTS = YES;
				CLANG_WARN_EMPTY_BODY = YES;
				CLANG_WARN_ENUM_CONVERSION = YES;
				CLANG_WARN_INFINITE_RECURSION = YES;
				CLANG_WARN_INT_CONVERSION = YES;
				CLANG_WARN_NON_LITERAL_NULL_CONVERSION = YES;
				CLANG_WARN_OBJC_IMPLICIT_RETAIN_SELF = YES;
				CLANG_WARN_OBJC_LITERAL_CONVERSION = YES;
				CLANG_WARN_OBJC_ROOT_CLASS = YES_ERROR;
				CLANG_WARN_QUOTED_INCLUDE_IN_FRAMEWORK_HEADER = YES;
				CLANG_WARN_RANGE_LOOP_ANALYSIS = YES;
				CLANG_WARN_STRICT_PROTOTYPES = YES;
				CLANG_WARN_SUSPICIOUS_MOVE = YES;
				CLANG_WARN_UNGUARDED_AVAILABILITY = YES_AGGRESSIVE;
				CLANG_WARN_UNREACHABLE_CODE = YES;
				CLANG_WARN__DUPLICATE_METHOD_MATCH = YES;
				COPY_PHASE_STRIP = NO;
				DEBUG_INFORMATION_FORMAT = dwarf;
				ENABLE_STRICT_OBJC_MSGSEND = YES;
				ENABLE_TESTABILITY = YES;
				GCC_C_LANGUAGE_STANDARD = gnu11;
				GCC_DYNAMIC_NO_PIC = NO;
				GCC_NO_COMMON_BLOCKS = YES;
				GCC_OPTIMIZATION_LEVEL = 0;
				GCC_PREPROCESSOR_DEFINITIONS = (
					"DEBUG=1",
					"$(inherited)",
				);
				GCC_WARN_64_TO_32_BIT_CONVERSION = YES;
				GCC_WARN_ABOUT_RETURN_TYPE = YES_ERROR;
				GCC_WARN_UNDECLARED_SELECTOR = YES;
				GCC_WARN_UNINITIALIZED_AUTOS = YES_AGGRESSIVE;
				GCC_WARN_UNUSED_FUNCTION = YES;
				GCC_WARN_UNUSED_VARIABLE = YES;
				IPHONEOS_DEPLOYMENT_TARGET = 16.2;
				MTL_ENABLE_DEBUG_INFO = INCLUDE_SOURCE;
				MTL_FAST_MATH = YES;
				ONLY_ACTIVE_ARCH = YES;
				SDKROOT = iphoneos;
				SWIFT_ACTIVE_COMPILATION_CONDITIONS = DEBUG;
				SWIFT_OPTIMIZATION_LEVEL = "-Onone";
			};
			name = Debug;
		};
		6B7FD5192AF3E29100EA770D /* Release */ = {
			isa = XCBuildConfiguration;
			buildSettings = {
				ALWAYS_SEARCH_USER_PATHS = NO;
				CLANG_ANALYZER_NONNULL = YES;
				CLANG_ANALYZER_NUMBER_OBJECT_CONVERSION = YES_AGGRESSIVE;
				CLANG_CXX_LANGUAGE_STANDARD = "gnu++20";
				CLANG_ENABLE_MODULES = YES;
				CLANG_ENABLE_OBJC_ARC = YES;
				CLANG_ENABLE_OBJC_WEAK = YES;
				CLANG_WARN_BLOCK_CAPTURE_AUTORELEASING = YES;
				CLANG_WARN_BOOL_CONVERSION = YES;
				CLANG_WARN_COMMA = YES;
				CLANG_WARN_CONSTANT_CONVERSION = YES;
				CLANG_WARN_DEPRECATED_OBJC_IMPLEMENTATIONS = YES;
				CLANG_WARN_DIRECT_OBJC_ISA_USAGE = YES_ERROR;
				CLANG_WARN_DOCUMENTATION_COMMENTS = YES;
				CLANG_WARN_EMPTY_BODY = YES;
				CLANG_WARN_ENUM_CONVERSION = YES;
				CLANG_WARN_INFINITE_RECURSION = YES;
				CLANG_WARN_INT_CONVERSION = YES;
				CLANG_WARN_NON_LITERAL_NULL_CONVERSION = YES;
				CLANG_WARN_OBJC_IMPLICIT_RETAIN_SELF = YES;
				CLANG_WARN_OBJC_LITERAL_CONVERSION = YES;
				CLANG_WARN_OBJC_ROOT_CLASS = YES_ERROR;
				CLANG_WARN_QUOTED_INCLUDE_IN_FRAMEWORK_HEADER = YES;
				CLANG_WARN_RANGE_LOOP_ANALYSIS = YES;
				CLANG_WARN_STRICT_PROTOTYPES = YES;
				CLANG_WARN_SUSPICIOUS_MOVE = YES;
				CLANG_WARN_UNGUARDED_AVAILABILITY = YES_AGGRESSIVE;
				CLANG_WARN_UNREACHABLE_CODE = YES;
				CLANG_WARN__DUPLICATE_METHOD_MATCH = YES;
				COPY_PHASE_STRIP = NO;
				DEBUG_INFORMATION_FORMAT = "dwarf-with-dsym";
				ENABLE_NS_ASSERTIONS = NO;
				ENABLE_STRICT_OBJC_MSGSEND = YES;
				GCC_C_LANGUAGE_STANDARD = gnu11;
				GCC_NO_COMMON_BLOCKS = YES;
				GCC_WARN_64_TO_32_BIT_CONVERSION = YES;
				GCC_WARN_ABOUT_RETURN_TYPE = YES_ERROR;
				GCC_WARN_UNDECLARED_SELECTOR = YES;
				GCC_WARN_UNINITIALIZED_AUTOS = YES_AGGRESSIVE;
				GCC_WARN_UNUSED_FUNCTION = YES;
				GCC_WARN_UNUSED_VARIABLE = YES;
				IPHONEOS_DEPLOYMENT_TARGET = 16.2;
				MTL_ENABLE_DEBUG_INFO = NO;
				MTL_FAST_MATH = YES;
				SDKROOT = iphoneos;
				SWIFT_COMPILATION_MODE = wholemodule;
				SWIFT_OPTIMIZATION_LEVEL = "-O";
				VALIDATE_PRODUCT = YES;
			};
			name = Release;
		};
		6B7FD51B2AF3E29100EA770D /* Debug */ = {
			isa = XCBuildConfiguration;
			buildSettings = {
				ASSETCATALOG_COMPILER_APPICON_NAME = AppIcon;
				ASSETCATALOG_COMPILER_GLOBAL_ACCENT_COLOR_NAME = AccentColor;
				CODE_SIGN_STYLE = Automatic;
				CURRENT_PROJECT_VERSION = 1;
				DEVELOPMENT_ASSET_PATHS = "\"BBCNews/Preview Content\"";
				ENABLE_PREVIEWS = YES;
				GENERATE_INFOPLIST_FILE = YES;
				INFOPLIST_FILE = BBCNews/Info.plist;
				INFOPLIST_KEY_UIApplicationSupportsIndirectInputEvents = YES;
				INFOPLIST_KEY_UILaunchScreen_Generation = YES;
				INFOPLIST_KEY_UILaunchStoryboardName = LaunchScreen.storyboard;
				INFOPLIST_KEY_UISupportedInterfaceOrientations_iPad = "UIInterfaceOrientationPortrait UIInterfaceOrientationPortraitUpsideDown UIInterfaceOrientationLandscapeLeft UIInterfaceOrientationLandscapeRight";
				INFOPLIST_KEY_UISupportedInterfaceOrientations_iPhone = "UIInterfaceOrientationPortrait UIInterfaceOrientationLandscapeLeft UIInterfaceOrientationLandscapeRight";
				LD_RUNPATH_SEARCH_PATHS = (
					"$(inherited)",
					"@executable_path/Frameworks",
				);
				MARKETING_VERSION = 1.0;
				PRODUCT_BUNDLE_IDENTIFIER = com.saravanan.BBCNews;
				PRODUCT_NAME = "$(TARGET_NAME)";
				SWIFT_EMIT_LOC_STRINGS = YES;
				SWIFT_VERSION = 5.0;
				TARGETED_DEVICE_FAMILY = "1,2";
			};
			name = Debug;
		};
		6B7FD51C2AF3E29100EA770D /* Release */ = {
			isa = XCBuildConfiguration;
			buildSettings = {
				ASSETCATALOG_COMPILER_APPICON_NAME = AppIcon;
				ASSETCATALOG_COMPILER_GLOBAL_ACCENT_COLOR_NAME = AccentColor;
				CODE_SIGN_STYLE = Automatic;
				CURRENT_PROJECT_VERSION = 1;
				DEVELOPMENT_ASSET_PATHS = "\"BBCNews/Preview Content\"";
				ENABLE_PREVIEWS = YES;
				GENERATE_INFOPLIST_FILE = YES;
				INFOPLIST_FILE = BBCNews/Info.plist;
				INFOPLIST_KEY_UIApplicationSupportsIndirectInputEvents = YES;
				INFOPLIST_KEY_UILaunchScreen_Generation = YES;
				INFOPLIST_KEY_UILaunchStoryboardName = LaunchScreen.storyboard;
				INFOPLIST_KEY_UISupportedInterfaceOrientations_iPad = "UIInterfaceOrientationPortrait UIInterfaceOrientationPortraitUpsideDown UIInterfaceOrientationLandscapeLeft UIInterfaceOrientationLandscapeRight";
				INFOPLIST_KEY_UISupportedInterfaceOrientations_iPhone = "UIInterfaceOrientationPortrait UIInterfaceOrientationLandscapeLeft UIInterfaceOrientationLandscapeRight";
				LD_RUNPATH_SEARCH_PATHS = (
					"$(inherited)",
					"@executable_path/Frameworks",
				);
				MARKETING_VERSION = 1.0;
				PRODUCT_BUNDLE_IDENTIFIER = com.saravanan.BBCNews;
				PRODUCT_NAME = "$(TARGET_NAME)";
				SWIFT_EMIT_LOC_STRINGS = YES;
				SWIFT_VERSION = 5.0;
				TARGETED_DEVICE_FAMILY = "1,2";
			};
			name = Release;
		};
		6B7FD51E2AF3E29100EA770D /* Debug */ = {
			isa = XCBuildConfiguration;
			buildSettings = {
				ALWAYS_EMBED_SWIFT_STANDARD_LIBRARIES = YES;
				BUNDLE_LOADER = "$(TEST_HOST)";
				CODE_SIGN_STYLE = Automatic;
				CURRENT_PROJECT_VERSION = 1;
				GENERATE_INFOPLIST_FILE = YES;
				IPHONEOS_DEPLOYMENT_TARGET = 16.2;
				MARKETING_VERSION = 1.0;
				PRODUCT_BUNDLE_IDENTIFIER = com.saravanan.BBCNewsTests;
				PRODUCT_NAME = "$(TARGET_NAME)";
				SWIFT_EMIT_LOC_STRINGS = NO;
				SWIFT_VERSION = 5.0;
				TARGETED_DEVICE_FAMILY = "1,2";
				TEST_HOST = "$(BUILT_PRODUCTS_DIR)/BBCNews.app/$(BUNDLE_EXECUTABLE_FOLDER_PATH)/BBCNews";
			};
			name = Debug;
		};
		6B7FD51F2AF3E29100EA770D /* Release */ = {
			isa = XCBuildConfiguration;
			buildSettings = {
				ALWAYS_EMBED_SWIFT_STANDARD_LIBRARIES = YES;
				BUNDLE_LOADER = "$(TEST_HOST)";
				CODE_SIGN_STYLE = Automatic;
				CURRENT_PROJECT_VERSION = 1;
				GENERATE_INFOPLIST_FILE = YES;
				IPHONEOS_DEPLOYMENT_TARGET = 16.2;
				MARKETING_VERSION = 1.0;
				PRODUCT_BUNDLE_IDENTIFIER = com.saravanan.BBCNewsTests;
				PRODUCT_NAME = "$(TARGET_NAME)";
				SWIFT_EMIT_LOC_STRINGS = NO;
				SWIFT_VERSION = 5.0;
				TARGETED_DEVICE_FAMILY = "1,2";
				TEST_HOST = "$(BUILT_PRODUCTS_DIR)/BBCNews.app/$(BUNDLE_EXECUTABLE_FOLDER_PATH)/BBCNews";
			};
			name = Release;
		};
		6B7FD5212AF3E29100EA770D /* Debug */ = {
			isa = XCBuildConfiguration;
			buildSettings = {
				ALWAYS_EMBED_SWIFT_STANDARD_LIBRARIES = YES;
				CODE_SIGN_STYLE = Automatic;
				CURRENT_PROJECT_VERSION = 1;
				GENERATE_INFOPLIST_FILE = YES;
				MARKETING_VERSION = 1.0;
				PRODUCT_BUNDLE_IDENTIFIER = com.saravanan.BBCNewsUITests;
				PRODUCT_NAME = "$(TARGET_NAME)";
				SWIFT_EMIT_LOC_STRINGS = NO;
				SWIFT_VERSION = 5.0;
				TARGETED_DEVICE_FAMILY = "1,2";
				TEST_TARGET_NAME = BBCNews;
			};
			name = Debug;
		};
		6B7FD5222AF3E29100EA770D /* Release */ = {
			isa = XCBuildConfiguration;
			buildSettings = {
				ALWAYS_EMBED_SWIFT_STANDARD_LIBRARIES = YES;
				CODE_SIGN_STYLE = Automatic;
				CURRENT_PROJECT_VERSION = 1;
				GENERATE_INFOPLIST_FILE = YES;
				MARKETING_VERSION = 1.0;
				PRODUCT_BUNDLE_IDENTIFIER = com.saravanan.BBCNewsUITests;
				PRODUCT_NAME = "$(TARGET_NAME)";
				SWIFT_EMIT_LOC_STRINGS = NO;
				SWIFT_VERSION = 5.0;
				TARGETED_DEVICE_FAMILY = "1,2";
				TEST_TARGET_NAME = BBCNews;
			};
			name = Release;
		};
/* End XCBuildConfiguration section */

/* Begin XCConfigurationList section */
		6B7FD4F12AF3E28E00EA770D /* Build configuration list for PBXProject "BBCNews" */ = {
			isa = XCConfigurationList;
			buildConfigurations = (
				6B7FD5182AF3E29100EA770D /* Debug */,
				6B7FD5192AF3E29100EA770D /* Release */,
			);
			defaultConfigurationIsVisible = 0;
			defaultConfigurationName = Release;
		};
		6B7FD51A2AF3E29100EA770D /* Build configuration list for PBXNativeTarget "BBCNews" */ = {
			isa = XCConfigurationList;
			buildConfigurations = (
				6B7FD51B2AF3E29100EA770D /* Debug */,
				6B7FD51C2AF3E29100EA770D /* Release */,
			);
			defaultConfigurationIsVisible = 0;
			defaultConfigurationName = Release;
		};
		6B7FD51D2AF3E29100EA770D /* Build configuration list for PBXNativeTarget "BBCNewsTests" */ = {
			isa = XCConfigurationList;
			buildConfigurations = (
				6B7FD51E2AF3E29100EA770D /* Debug */,
				6B7FD51F2AF3E29100EA770D /* Release */,
			);
			defaultConfigurationIsVisible = 0;
			defaultConfigurationName = Release;
		};
		6B7FD5202AF3E29100EA770D /* Build configuration list for PBXNativeTarget "BBCNewsUITests" */ = {
			isa = XCConfigurationList;
			buildConfigurations = (
				6B7FD5212AF3E29100EA770D /* Debug */,
				6B7FD5222AF3E29100EA770D /* Release */,
			);
			defaultConfigurationIsVisible = 0;
			defaultConfigurationName = Release;
		};
/* End XCConfigurationList section */

/* Begin XCRemoteSwiftPackageReference section */
		6BB5A8E12AF3E9B9005C82D5 /* XCRemoteSwiftPackageReference "url-image" */ = {
			isa = XCRemoteSwiftPackageReference;
			repositoryURL = "https://github.com/dmytro-anokhin/url-image";
			requirement = {
				branch = main;
				kind = branch;
			};
		};
/* End XCRemoteSwiftPackageReference section */

/* Begin XCSwiftPackageProductDependency section */
		6BB5A8E22AF3E9B9005C82D5 /* URLImage */ = {
			isa = XCSwiftPackageProductDependency;
			package = 6BB5A8E12AF3E9B9005C82D5 /* XCRemoteSwiftPackageReference "url-image" */;
			productName = URLImage;
		};
/* End XCSwiftPackageProductDependency section */
	};
	rootObject = 6B7FD4EE2AF3E28E00EA770D /* Project object */;
}
